
Microsoft Visual Studio Solution File, Format Version 12.00
Project("{FAE04EC0-301F-11D3-BF4B-00C04F79EFBC}") = "BanqueNdoyeMoussa", "BanqueNdoyeMoussa\BanqueNdoyeMoussa.csproj", "{2D086614-A85F-4D69-A822-4A1C8ACF9E56}"
EndProject
Project("{FAE04EC0-301F-11D3-BF4B-00C04F79EFBC}") = "BanqueTests", "BanqueTests\BanqueTests.csproj", "{845A2BD7-EE55-4368-B8DE-8E31BC3B50B8}"
EndProject
Global
	GlobalSection(SolutionConfigurationPlatforms) = preSolution
		Debug|Any CPU = Debug|Any CPU
		Release|Any CPU = Release|Any CPU
	EndGlobalSection
	GlobalSection(ProjectConfigurationPlatforms) = postSolution
		{2D086614-A85F-4D69-A822-4A1C8ACF9E56}.Debug|Any CPU.ActiveCfg = Debug|Any CPU
		{2D086614-A85F-4D69-A822-4A1C8ACF9E56}.Debug|Any CPU.Build.0 = Debug|Any CPU
		{2D086614-A85F-4D69-A822-4A1C8ACF9E56}.Release|Any CPU.ActiveCfg = Release|Any CPU
		{2D086614-A85F-4D69-A822-4A1C8ACF9E56}.Release|Any CPU.Build.0 = Release|Any CPU
		{845A2BD7-EE55-4368-B8DE-8E31BC3B50B8}.Debug|Any CPU.ActiveCfg = Debug|Any CPU
		{845A2BD7-EE55-4368-B8DE-8E31BC3B50B8}.Debug|Any CPU.Build.0 = Debug|Any CPU
		{845A2BD7-EE55-4368-B8DE-8E31BC3B50B8}.Release|Any CPU.ActiveCfg = Release|Any CPU
		{845A2BD7-EE55-4368-B8DE-8E31BC3B50B8}.Release|Any CPU.Build.0 = Release|Any CPU
	EndGlobalSection
EndGlobal
